{
  "lockfileVersion": 1,
  "workspaces": {
    "": {
      "dependencies": {
        "node-appwrite": "^21.1.0",
      },
    },
  },
  "packages": {
    "node-appwrite": ["node-appwrite@21.1.0", "", { "dependencies": { "node-fetch-native-with-agent": "1.7.2" } }, "sha512-HRK5BzN19vgvaH/EeNsigK24t4ngJ1AoiltK5JtahxP6uyMRztzkD8cXP+z9jj/xOjz7ySfQ9YypNyhNr6zVkA=="],

    "node-fetch-native-with-agent": ["node-fetch-native-with-agent@1.7.2", "", {}, "sha512-5MaOOCuJEvcckoz7/tjdx1M6OusOY6Xc5f459IaruGStWnKzlI1qpNgaAwmn4LmFYcsSlj+jBMk84wmmRxfk5g=="],
  }
}
